
Microsoft Visual Studio Solution File, Format Version 11.00
# Visual Studio 2010
Project("{FAE04EC0-301F-11D3-BF4B-00C04F79EFBC}") = "Orion Beginnings", "Assembly-CSharp.csproj", "{1FC3D651-64DF-307E-CB95-C4671F4E2A08}"
EndProject
Project("{FAE04EC0-301F-11D3-BF4B-00C04F79EFBC}") = "Orion Beginnings", "Assembly-CSharp-Editor.csproj", "{06A38EB9-38A1-BB6C-9F54-9781470A67E6}"
EndProject
Global
	GlobalSection(SolutionConfigurationPlatforms) = preSolution
		Debug|Any CPU = Debug|Any CPU
		Release|Any CPU = Release|Any CPU
	EndGlobalSection
	GlobalSection(ProjectConfigurationPlatforms) = postSolution
		{1FC3D651-64DF-307E-CB95-C4671F4E2A08}.Debug|Any CPU.ActiveCfg = Debug|Any CPU
		{1FC3D651-64DF-307E-CB95-C4671F4E2A08}.Debug|Any CPU.Build.0 = Debug|Any CPU
		{1FC3D651-64DF-307E-CB95-C4671F4E2A08}.Release|Any CPU.ActiveCfg = Release|Any CPU
		{1FC3D651-64DF-307E-CB95-C4671F4E2A08}.Release|Any CPU.Build.0 = Release|Any CPU
		{06A38EB9-38A1-BB6C-9F54-9781470A67E6}.Debug|Any CPU.ActiveCfg = Debug|Any CPU
		{06A38EB9-38A1-BB6C-9F54-9781470A67E6}.Debug|Any CPU.Build.0 = Debug|Any CPU
		{06A38EB9-38A1-BB6C-9F54-9781470A67E6}.Release|Any CPU.ActiveCfg = Release|Any CPU
		{06A38EB9-38A1-BB6C-9F54-9781470A67E6}.Release|Any CPU.Build.0 = Release|Any CPU
	EndGlobalSection
	GlobalSection(SolutionProperties) = preSolution
		HideSolutionNode = FALSE
	EndGlobalSection
	GlobalSection(MonoDevelopProperties) = preSolution
		StartupItem = Assembly-CSharp.csproj
	EndGlobalSection
EndGlobal
